
Microsoft Visual Studio Solution File, Format Version 12.00
# Visual Studio 15
VisualStudioVersion = 15.0.27004.2010
MinimumVisualStudioVersion = 10.0.40219.1
Project("{FAE04EC0-301F-11D3-BF4B-00C04F79EFBC}") = "Server", "Server\Server.csproj", "{8FFC9878-0397-43AA-BD6B-25D8B9C65E96}"
EndProject
Global
	GlobalSection(SolutionConfigurationPlatforms) = preSolution
		Debug|Any CPU = Debug|Any CPU
		Release|Any CPU = Release|Any CPU
	EndGlobalSection
	GlobalSection(ProjectConfigurationPlatforms) = postSolution
		{8FFC9878-0397-43AA-BD6B-25D8B9C65E96}.Debug|Any CPU.ActiveCfg = Debug|Any CPU
		{8FFC9878-0397-43AA-BD6B-25D8B9C65E96}.Debug|Any CPU.Build.0 = Debug|Any CPU
		{8FFC9878-0397-43AA-BD6B-25D8B9C65E96}.Release|Any CPU.ActiveCfg = Release|Any CPU
		{8FFC9878-0397-43AA-BD6B-25D8B9C65E96}.Release|Any CPU.Build.0 = Release|Any CPU
	EndGlobalSection
	GlobalSection(SolutionProperties) = preSolution
		HideSolutionNode = FALSE
	EndGlobalSection
	GlobalSection(ExtensibilityGlobals) = postSolution
		SolutionGuid = {0F8C144A-9D02-4A2E-8757-1230A5F259C1}
	EndGlobalSection
EndGlobal
